
Microsoft Visual Studio Solution File, Format Version 12.00
# Visual Studio Version 17
VisualStudioVersion = 17.8.34525.116
MinimumVisualStudioVersion = 10.0.40219.1
Project("{FAE04EC0-301F-11D3-BF4B-00C04F79EFBC}") = "Assessement1Task5", "Assessement1Task5\Assessement1Task5.csproj", "{FF880541-9FCB-4831-9D37-0561E5885998}"
EndProject
Global
	GlobalSection(SolutionConfigurationPlatforms) = preSolution
		Debug|Any CPU = Debug|Any CPU
		Release|Any CPU = Release|Any CPU
	EndGlobalSection
	GlobalSection(ProjectConfigurationPlatforms) = postSolution
		{FF880541-9FCB-4831-9D37-0561E5885998}.Debug|Any CPU.ActiveCfg = Debug|Any CPU
		{FF880541-9FCB-4831-9D37-0561E5885998}.Debug|Any CPU.Build.0 = Debug|Any CPU
		{FF880541-9FCB-4831-9D37-0561E5885998}.Release|Any CPU.ActiveCfg = Release|Any CPU
		{FF880541-9FCB-4831-9D37-0561E5885998}.Release|Any CPU.Build.0 = Release|Any CPU
	EndGlobalSection
	GlobalSection(SolutionProperties) = preSolution
		HideSolutionNode = FALSE
	EndGlobalSection
	GlobalSection(ExtensibilityGlobals) = postSolution
		SolutionGuid = {89C4B19C-13F9-43A1-8CAD-6B2AE7184338}
	EndGlobalSection
EndGlobal
